
Microsoft Visual Studio Solution File, Format Version 12.00
# Visual Studio Version 16
VisualStudioVersion = 16.0.30320.27
MinimumVisualStudioVersion = 10.0.40219.1
Project("{FAE04EC0-301F-11D3-BF4B-00C04F79EFBC}") = "BipEmulator.Host", "BipEmulator.Host\BipEmulator.Host.csproj", "{71DD5D93-2F61-47E9-A0A3-8D0D3BC685FD}"
EndProject
Project("{8BC9CEB8-8B4A-11D0-8D11-00A0C91BC942}") = "BipEmulator.Proxy", "BipEmulator.Proxy\BipEmulator.Proxy.vcxproj", "{D2090F65-51DB-4643-8E60-25AFF97321AF}"
EndProject
Global
	GlobalSection(SolutionConfigurationPlatforms) = preSolution
		Debug|Any CPU = Debug|Any CPU
		Debug|x64 = Debug|x64
		Debug|x86 = Debug|x86
		Release|Any CPU = Release|Any CPU
		Release|x64 = Release|x64
		Release|x86 = Release|x86
	EndGlobalSection
	GlobalSection(ProjectConfigurationPlatforms) = postSolution
		{71DD5D93-2F61-47E9-A0A3-8D0D3BC685FD}.Debug|Any CPU.ActiveCfg = Debug|Any CPU
		{71DD5D93-2F61-47E9-A0A3-8D0D3BC685FD}.Debug|Any CPU.Build.0 = Debug|Any CPU
		{71DD5D93-2F61-47E9-A0A3-8D0D3BC685FD}.Debug|x64.ActiveCfg = Debug|Any CPU
		{71DD5D93-2F61-47E9-A0A3-8D0D3BC685FD}.Debug|x64.Build.0 = Debug|Any CPU
		{71DD5D93-2F61-47E9-A0A3-8D0D3BC685FD}.Debug|x86.ActiveCfg = Debug|Any CPU
		{71DD5D93-2F61-47E9-A0A3-8D0D3BC685FD}.Debug|x86.Build.0 = Debug|Any CPU
		{71DD5D93-2F61-47E9-A0A3-8D0D3BC685FD}.Release|Any CPU.ActiveCfg = Release|Any CPU
		{71DD5D93-2F61-47E9-A0A3-8D0D3BC685FD}.Release|Any CPU.Build.0 = Release|Any CPU
		{71DD5D93-2F61-47E9-A0A3-8D0D3BC685FD}.Release|x64.ActiveCfg = Release|Any CPU
		{71DD5D93-2F61-47E9-A0A3-8D0D3BC685FD}.Release|x64.Build.0 = Release|Any CPU
		{71DD5D93-2F61-47E9-A0A3-8D0D3BC685FD}.Release|x86.ActiveCfg = Release|Any CPU
		{71DD5D93-2F61-47E9-A0A3-8D0D3BC685FD}.Release|x86.Build.0 = Release|Any CPU
		{D2090F65-51DB-4643-8E60-25AFF97321AF}.Debug|Any CPU.ActiveCfg = Debug|Win32
		{D2090F65-51DB-4643-8E60-25AFF97321AF}.Debug|x64.ActiveCfg = Debug|x64
		{D2090F65-51DB-4643-8E60-25AFF97321AF}.Debug|x64.Build.0 = Debug|x64
		{D2090F65-51DB-4643-8E60-25AFF97321AF}.Debug|x86.ActiveCfg = Debug|Win32
		{D2090F65-51DB-4643-8E60-25AFF97321AF}.Debug|x86.Build.0 = Debug|Win32
		{D2090F65-51DB-4643-8E60-25AFF97321AF}.Release|Any CPU.ActiveCfg = Release|Win32
		{D2090F65-51DB-4643-8E60-25AFF97321AF}.Release|x64.ActiveCfg = Release|x64
		{D2090F65-51DB-4643-8E60-25AFF97321AF}.Release|x64.Build.0 = Release|x64
		{D2090F65-51DB-4643-8E60-25AFF97321AF}.Release|x86.ActiveCfg = Release|Win32
		{D2090F65-51DB-4643-8E60-25AFF97321AF}.Release|x86.Build.0 = Release|Win32
	EndGlobalSection
	GlobalSection(SolutionProperties) = preSolution
		HideSolutionNode = FALSE
	EndGlobalSection
	GlobalSection(ExtensibilityGlobals) = postSolution
		SolutionGuid = {FD4270FB-74B3-4190-BBB6-EB647469ADA1}
	EndGlobalSection
EndGlobal
